
Microsoft Visual Studio Solution File, Format Version 12.00
# Visual Studio Version 17
VisualStudioVersion = 17.1.32319.34
MinimumVisualStudioVersion = 10.0.40219.1
Project("{2150E333-8FDC-42A3-9474-1A3956D46DE8}") = "Clients", "Clients", "{F99A483C-F8FE-4A99-B77B-D33838F082A2}"
EndProject
Project("{2150E333-8FDC-42A3-9474-1A3956D46DE8}") = "Libraries", "Libraries", "{692522A2-DB38-4C31-AD7E-A6362411D70F}"
EndProject
Project("{2150E333-8FDC-42A3-9474-1A3956D46DE8}") = "Databases", "Databases", "{FBEA9D6B-0E48-4BA3-BDD1-FEB5B5E96932}"
EndProject
Project("{FAE04EC0-301F-11D3-BF4B-00C04F79EFBC}") = "UI", "UI\UI.csproj", "{F562903C-9E1D-48C7-A3E8-A36E0236A59C}"
EndProject
Project("{FAE04EC0-301F-11D3-BF4B-00C04F79EFBC}") = "Entities", "Entities\Entities.csproj", "{A26BFB5C-9CEB-47A9-ACEF-05AD401B934A}"
EndProject
Project("{FAE04EC0-301F-11D3-BF4B-00C04F79EFBC}") = "BusinessLayer", "BusinessLayer\BusinessLayer.csproj", "{3AB25240-C7A9-4540-AC5D-3B6CA70F83B0}"
EndProject
Project("{FAE04EC0-301F-11D3-BF4B-00C04F79EFBC}") = "DAOLayer", "DAOLayer\DAOLayer.csproj", "{4C4FA09C-7235-41E8-8CAD-79DDBD69C971}"
EndProject
Project("{FAE04EC0-301F-11D3-BF4B-00C04F79EFBC}") = "DBConnection", "DBConnection\DBConnection.csproj", "{E8AEA915-1618-4A77-909A-C2DDECDD0AF2}"
EndProject
Project("{FAE04EC0-301F-11D3-BF4B-00C04F79EFBC}") = "Utilities", "Utilities\Utilities.csproj", "{0EFE6FF6-7B45-4E80-97CD-ADB93BAB9A01}"
EndProject
Project("{FAE04EC0-301F-11D3-BF4B-00C04F79EFBC}") = "SQLHelper", "SQLHelper\SQLHelper.csproj", "{106EA8CC-E334-47CB-9E4C-7837432ECBF4}"
EndProject
Project("{2150E333-8FDC-42A3-9474-1A3956D46DE8}") = "Services", "Services", "{13305CE5-5150-453C-880E-805100F998A5}"
EndProject
Project("{FAE04EC0-301F-11D3-BF4B-00C04F79EFBC}") = "LogOnService", "LogOnService\LogOnService.csproj", "{BD81CC7C-EDCD-47CA-A960-B0111DD6F011}"
EndProject
Project("{00D1A9C2-B5F0-4AF3-8072-F6C62B433612}") = "DB", "DB\DB.sqlproj", "{05B19E97-C9F9-45A1-845B-662489C2B116}"
EndProject
Global
	GlobalSection(SolutionConfigurationPlatforms) = preSolution
		Debug|Any CPU = Debug|Any CPU
		Release|Any CPU = Release|Any CPU
	EndGlobalSection
	GlobalSection(ProjectConfigurationPlatforms) = postSolution
		{F562903C-9E1D-48C7-A3E8-A36E0236A59C}.Debug|Any CPU.ActiveCfg = Debug|Any CPU
		{F562903C-9E1D-48C7-A3E8-A36E0236A59C}.Debug|Any CPU.Build.0 = Debug|Any CPU
		{F562903C-9E1D-48C7-A3E8-A36E0236A59C}.Release|Any CPU.ActiveCfg = Release|Any CPU
		{F562903C-9E1D-48C7-A3E8-A36E0236A59C}.Release|Any CPU.Build.0 = Release|Any CPU
		{A26BFB5C-9CEB-47A9-ACEF-05AD401B934A}.Debug|Any CPU.ActiveCfg = Debug|Any CPU
		{A26BFB5C-9CEB-47A9-ACEF-05AD401B934A}.Debug|Any CPU.Build.0 = Debug|Any CPU
		{A26BFB5C-9CEB-47A9-ACEF-05AD401B934A}.Release|Any CPU.ActiveCfg = Release|Any CPU
		{A26BFB5C-9CEB-47A9-ACEF-05AD401B934A}.Release|Any CPU.Build.0 = Release|Any CPU
		{3AB25240-C7A9-4540-AC5D-3B6CA70F83B0}.Debug|Any CPU.ActiveCfg = Debug|Any CPU
		{3AB25240-C7A9-4540-AC5D-3B6CA70F83B0}.Debug|Any CPU.Build.0 = Debug|Any CPU
		{3AB25240-C7A9-4540-AC5D-3B6CA70F83B0}.Release|Any CPU.ActiveCfg = Release|Any CPU
		{3AB25240-C7A9-4540-AC5D-3B6CA70F83B0}.Release|Any CPU.Build.0 = Release|Any CPU
		{4C4FA09C-7235-41E8-8CAD-79DDBD69C971}.Debug|Any CPU.ActiveCfg = Debug|Any CPU
		{4C4FA09C-7235-41E8-8CAD-79DDBD69C971}.Debug|Any CPU.Build.0 = Debug|Any CPU
		{4C4FA09C-7235-41E8-8CAD-79DDBD69C971}.Release|Any CPU.ActiveCfg = Release|Any CPU
		{4C4FA09C-7235-41E8-8CAD-79DDBD69C971}.Release|Any CPU.Build.0 = Release|Any CPU
		{E8AEA915-1618-4A77-909A-C2DDECDD0AF2}.Debug|Any CPU.ActiveCfg = Debug|Any CPU
		{E8AEA915-1618-4A77-909A-C2DDECDD0AF2}.Debug|Any CPU.Build.0 = Debug|Any CPU
		{E8AEA915-1618-4A77-909A-C2DDECDD0AF2}.Release|Any CPU.ActiveCfg = Release|Any CPU
		{E8AEA915-1618-4A77-909A-C2DDECDD0AF2}.Release|Any CPU.Build.0 = Release|Any CPU
		{0EFE6FF6-7B45-4E80-97CD-ADB93BAB9A01}.Debug|Any CPU.ActiveCfg = Debug|Any CPU
		{0EFE6FF6-7B45-4E80-97CD-ADB93BAB9A01}.Debug|Any CPU.Build.0 = Debug|Any CPU
		{0EFE6FF6-7B45-4E80-97CD-ADB93BAB9A01}.Release|Any CPU.ActiveCfg = Release|Any CPU
		{0EFE6FF6-7B45-4E80-97CD-ADB93BAB9A01}.Release|Any CPU.Build.0 = Release|Any CPU
		{106EA8CC-E334-47CB-9E4C-7837432ECBF4}.Debug|Any CPU.ActiveCfg = Debug|Any CPU
		{106EA8CC-E334-47CB-9E4C-7837432ECBF4}.Debug|Any CPU.Build.0 = Debug|Any CPU
		{106EA8CC-E334-47CB-9E4C-7837432ECBF4}.Release|Any CPU.ActiveCfg = Release|Any CPU
		{106EA8CC-E334-47CB-9E4C-7837432ECBF4}.Release|Any CPU.Build.0 = Release|Any CPU
		{BD81CC7C-EDCD-47CA-A960-B0111DD6F011}.Debug|Any CPU.ActiveCfg = Debug|Any CPU
		{BD81CC7C-EDCD-47CA-A960-B0111DD6F011}.Debug|Any CPU.Build.0 = Debug|Any CPU
		{BD81CC7C-EDCD-47CA-A960-B0111DD6F011}.Release|Any CPU.ActiveCfg = Release|Any CPU
		{BD81CC7C-EDCD-47CA-A960-B0111DD6F011}.Release|Any CPU.Build.0 = Release|Any CPU
		{05B19E97-C9F9-45A1-845B-662489C2B116}.Debug|Any CPU.ActiveCfg = Debug|Any CPU
		{05B19E97-C9F9-45A1-845B-662489C2B116}.Debug|Any CPU.Build.0 = Debug|Any CPU
		{05B19E97-C9F9-45A1-845B-662489C2B116}.Debug|Any CPU.Deploy.0 = Debug|Any CPU
		{05B19E97-C9F9-45A1-845B-662489C2B116}.Release|Any CPU.ActiveCfg = Release|Any CPU
		{05B19E97-C9F9-45A1-845B-662489C2B116}.Release|Any CPU.Build.0 = Release|Any CPU
		{05B19E97-C9F9-45A1-845B-662489C2B116}.Release|Any CPU.Deploy.0 = Release|Any CPU
	EndGlobalSection
	GlobalSection(SolutionProperties) = preSolution
		HideSolutionNode = FALSE
	EndGlobalSection
	GlobalSection(NestedProjects) = preSolution
		{F562903C-9E1D-48C7-A3E8-A36E0236A59C} = {F99A483C-F8FE-4A99-B77B-D33838F082A2}
		{A26BFB5C-9CEB-47A9-ACEF-05AD401B934A} = {692522A2-DB38-4C31-AD7E-A6362411D70F}
		{3AB25240-C7A9-4540-AC5D-3B6CA70F83B0} = {692522A2-DB38-4C31-AD7E-A6362411D70F}
		{4C4FA09C-7235-41E8-8CAD-79DDBD69C971} = {692522A2-DB38-4C31-AD7E-A6362411D70F}
		{E8AEA915-1618-4A77-909A-C2DDECDD0AF2} = {FBEA9D6B-0E48-4BA3-BDD1-FEB5B5E96932}
		{0EFE6FF6-7B45-4E80-97CD-ADB93BAB9A01} = {692522A2-DB38-4C31-AD7E-A6362411D70F}
		{106EA8CC-E334-47CB-9E4C-7837432ECBF4} = {FBEA9D6B-0E48-4BA3-BDD1-FEB5B5E96932}
		{BD81CC7C-EDCD-47CA-A960-B0111DD6F011} = {13305CE5-5150-453C-880E-805100F998A5}
		{05B19E97-C9F9-45A1-845B-662489C2B116} = {FBEA9D6B-0E48-4BA3-BDD1-FEB5B5E96932}
	EndGlobalSection
	GlobalSection(ExtensibilityGlobals) = postSolution
		SolutionGuid = {CB397290-1286-4912-BD4C-43DF6D631FAC}
	EndGlobalSection
EndGlobal
